
Microsoft Visual Studio Solution File, Format Version 12.00
# Visual Studio 14
VisualStudioVersion = 14.0.25420.1
MinimumVisualStudioVersion = 10.0.40219.1
Project("{FAE04EC0-301F-11D3-BF4B-00C04F79EFBC}") = "MSHealthAPI.Contracts", "MSHealthAPI.Contracts\MSHealthAPI.Contracts.csproj", "{43946508-1060-4BEC-8D48-0553EAE211FD}"
EndProject
Project("{2150E333-8FDC-42A3-9474-1A3956D46DE8}") = "MSHealthAPI", "MSHealthAPI", "{50E67560-0BE8-4DFF-96F2-60FAC1C4D8C1}"
EndProject
Project("{FAE04EC0-301F-11D3-BF4B-00C04F79EFBC}") = "MSHealthAPI.Core", "MSHealthAPI.Core\MSHealthAPI.Core.csproj", "{7A9905FF-E283-4146-85FA-4E3A60BF5032}"
EndProject
Project("{2150E333-8FDC-42A3-9474-1A3956D46DE8}") = "XportBand", "XportBand", "{4236FB5C-7306-4FFE-A21A-69088EA2B177}"
EndProject
Project("{FAE04EC0-301F-11D3-BF4B-00C04F79EFBC}") = "XportBand.Desktop", "XportBand\XportBand.Desktop\XportBand.Desktop.csproj", "{F512CD61-9D95-49EB-B47B-1A03A8642E0E}"
EndProject
Project("{FAE04EC0-301F-11D3-BF4B-00C04F79EFBC}") = "Serilog.Sinks.Debug", "Serilog.Sinks.Debug\Serilog.Sinks.Debug.csproj", "{4583C566-2C58-4EC0-B247-DAAAA7A8DBF6}"
EndProject
Project("{FAE04EC0-301F-11D3-BF4B-00C04F79EFBC}") = "XportBand.Droid", "XportBand\XportBand.Droid\XportBand.Droid.csproj", "{6C72C1E3-47AF-465B-8F86-F042321277D5}"
EndProject
Project("{FAE04EC0-301F-11D3-BF4B-00C04F79EFBC}") = "XportBand.iOS", "XportBand\XportBand.iOS\XportBand.iOS.csproj", "{397ED925-E4C7-4390-81BB-56F6FDBAF31B}"
EndProject
Project("{FAE04EC0-301F-11D3-BF4B-00C04F79EFBC}") = "XportBand.UWP", "XportBand\XportBand.UWP\XportBand.UWP.csproj", "{4AD81E8C-E6F9-4749-863E-E6A95B44E64B}"
EndProject
Project("{FAE04EC0-301F-11D3-BF4B-00C04F79EFBC}") = "XportBand", "XportBand\XportBand\XportBand.csproj", "{E0C2F993-9349-43DD-B94B-4DC8F0F8417C}"
EndProject
Project("{2150E333-8FDC-42A3-9474-1A3956D46DE8}") = "Common", "Common", "{05309B16-E5F4-4288-84EB-5EDB6EBBBC0F}"
EndProject
Project("{FAE04EC0-301F-11D3-BF4B-00C04F79EFBC}") = "XportBand.Utils", "XportBand.Utils\XportBand.Utils.csproj", "{F1BDABE1-EC5A-48A1-904B-254787B27CC5}"
EndProject
Global
	GlobalSection(SolutionConfigurationPlatforms) = preSolution
		Ad-Hoc|Any CPU = Ad-Hoc|Any CPU
		Ad-Hoc|ARM = Ad-Hoc|ARM
		Ad-Hoc|iPhone = Ad-Hoc|iPhone
		Ad-Hoc|iPhoneSimulator = Ad-Hoc|iPhoneSimulator
		Ad-Hoc|x64 = Ad-Hoc|x64
		Ad-Hoc|x86 = Ad-Hoc|x86
		AppStore|Any CPU = AppStore|Any CPU
		AppStore|ARM = AppStore|ARM
		AppStore|iPhone = AppStore|iPhone
		AppStore|iPhoneSimulator = AppStore|iPhoneSimulator
		AppStore|x64 = AppStore|x64
		AppStore|x86 = AppStore|x86
		Debug|Any CPU = Debug|Any CPU
		Debug|ARM = Debug|ARM
		Debug|iPhone = Debug|iPhone
		Debug|iPhoneSimulator = Debug|iPhoneSimulator
		Debug|x64 = Debug|x64
		Debug|x86 = Debug|x86
		Release|Any CPU = Release|Any CPU
		Release|ARM = Release|ARM
		Release|iPhone = Release|iPhone
		Release|iPhoneSimulator = Release|iPhoneSimulator
		Release|x64 = Release|x64
		Release|x86 = Release|x86
	EndGlobalSection
	GlobalSection(ProjectConfigurationPlatforms) = postSolution
		{43946508-1060-4BEC-8D48-0553EAE211FD}.Ad-Hoc|Any CPU.ActiveCfg = Release|Any CPU
		{43946508-1060-4BEC-8D48-0553EAE211FD}.Ad-Hoc|Any CPU.Build.0 = Release|Any CPU
		{43946508-1060-4BEC-8D48-0553EAE211FD}.Ad-Hoc|ARM.ActiveCfg = Release|Any CPU
		{43946508-1060-4BEC-8D48-0553EAE211FD}.Ad-Hoc|ARM.Build.0 = Release|Any CPU
		{43946508-1060-4BEC-8D48-0553EAE211FD}.Ad-Hoc|iPhone.ActiveCfg = Release|Any CPU
		{43946508-1060-4BEC-8D48-0553EAE211FD}.Ad-Hoc|iPhone.Build.0 = Release|Any CPU
		{43946508-1060-4BEC-8D48-0553EAE211FD}.Ad-Hoc|iPhoneSimulator.ActiveCfg = Release|Any CPU
		{43946508-1060-4BEC-8D48-0553EAE211FD}.Ad-Hoc|iPhoneSimulator.Build.0 = Release|Any CPU
		{43946508-1060-4BEC-8D48-0553EAE211FD}.Ad-Hoc|x64.ActiveCfg = Release|Any CPU
		{43946508-1060-4BEC-8D48-0553EAE211FD}.Ad-Hoc|x64.Build.0 = Release|Any CPU
		{43946508-1060-4BEC-8D48-0553EAE211FD}.Ad-Hoc|x86.ActiveCfg = Release|Any CPU
		{43946508-1060-4BEC-8D48-0553EAE211FD}.Ad-Hoc|x86.Build.0 = Release|Any CPU
		{43946508-1060-4BEC-8D48-0553EAE211FD}.AppStore|Any CPU.ActiveCfg = Release|Any CPU
		{43946508-1060-4BEC-8D48-0553EAE211FD}.AppStore|Any CPU.Build.0 = Release|Any CPU
		{43946508-1060-4BEC-8D48-0553EAE211FD}.AppStore|ARM.ActiveCfg = Release|Any CPU
		{43946508-1060-4BEC-8D48-0553EAE211FD}.AppStore|ARM.Build.0 = Release|Any CPU
		{43946508-1060-4BEC-8D48-0553EAE211FD}.AppStore|iPhone.ActiveCfg = Release|Any CPU
		{43946508-1060-4BEC-8D48-0553EAE211FD}.AppStore|iPhone.Build.0 = Release|Any CPU
		{43946508-1060-4BEC-8D48-0553EAE211FD}.AppStore|iPhoneSimulator.ActiveCfg = Release|Any CPU
		{43946508-1060-4BEC-8D48-0553EAE211FD}.AppStore|iPhoneSimulator.Build.0 = Release|Any CPU
		{43946508-1060-4BEC-8D48-0553EAE211FD}.AppStore|x64.ActiveCfg = Release|Any CPU
		{43946508-1060-4BEC-8D48-0553EAE211FD}.AppStore|x64.Build.0 = Release|Any CPU
		{43946508-1060-4BEC-8D48-0553EAE211FD}.AppStore|x86.ActiveCfg = Release|Any CPU
		{43946508-1060-4BEC-8D48-0553EAE211FD}.AppStore|x86.Build.0 = Release|Any CPU
		{43946508-1060-4BEC-8D48-0553EAE211FD}.Debug|Any CPU.ActiveCfg = Debug|Any CPU
		{43946508-1060-4BEC-8D48-0553EAE211FD}.Debug|Any CPU.Build.0 = Debug|Any CPU
		{43946508-1060-4BEC-8D48-0553EAE211FD}.Debug|ARM.ActiveCfg = Debug|Any CPU
		{43946508-1060-4BEC-8D48-0553EAE211FD}.Debug|ARM.Build.0 = Debug|Any CPU
		{43946508-1060-4BEC-8D48-0553EAE211FD}.Debug|iPhone.ActiveCfg = Debug|Any CPU
		{43946508-1060-4BEC-8D48-0553EAE211FD}.Debug|iPhone.Build.0 = Debug|Any CPU
		{43946508-1060-4BEC-8D48-0553EAE211FD}.Debug|iPhoneSimulator.ActiveCfg = Debug|Any CPU
		{43946508-1060-4BEC-8D48-0553EAE211FD}.Debug|iPhoneSimulator.Build.0 = Debug|Any CPU
		{43946508-1060-4BEC-8D48-0553EAE211FD}.Debug|x64.ActiveCfg = Debug|Any CPU
		{43946508-1060-4BEC-8D48-0553EAE211FD}.Debug|x64.Build.0 = Debug|Any CPU
		{43946508-1060-4BEC-8D48-0553EAE211FD}.Debug|x86.ActiveCfg = Debug|Any CPU
		{43946508-1060-4BEC-8D48-0553EAE211FD}.Debug|x86.Build.0 = Debug|Any CPU
		{43946508-1060-4BEC-8D48-0553EAE211FD}.Release|Any CPU.ActiveCfg = Release|Any CPU
		{43946508-1060-4BEC-8D48-0553EAE211FD}.Release|Any CPU.Build.0 = Release|Any CPU
		{43946508-1060-4BEC-8D48-0553EAE211FD}.Release|ARM.ActiveCfg = Release|Any CPU
		{43946508-1060-4BEC-8D48-0553EAE211FD}.Release|ARM.Build.0 = Release|Any CPU
		{43946508-1060-4BEC-8D48-0553EAE211FD}.Release|iPhone.ActiveCfg = Release|Any CPU
		{43946508-1060-4BEC-8D48-0553EAE211FD}.Release|iPhone.Build.0 = Release|Any CPU
		{43946508-1060-4BEC-8D48-0553EAE211FD}.Release|iPhoneSimulator.ActiveCfg = Release|Any CPU
		{43946508-1060-4BEC-8D48-0553EAE211FD}.Release|iPhoneSimulator.Build.0 = Release|Any CPU
		{43946508-1060-4BEC-8D48-0553EAE211FD}.Release|x64.ActiveCfg = Release|Any CPU
		{43946508-1060-4BEC-8D48-0553EAE211FD}.Release|x64.Build.0 = Release|Any CPU
		{43946508-1060-4BEC-8D48-0553EAE211FD}.Release|x86.ActiveCfg = Release|Any CPU
		{43946508-1060-4BEC-8D48-0553EAE211FD}.Release|x86.Build.0 = Release|Any CPU
		{7A9905FF-E283-4146-85FA-4E3A60BF5032}.Ad-Hoc|Any CPU.ActiveCfg = Release|Any CPU
		{7A9905FF-E283-4146-85FA-4E3A60BF5032}.Ad-Hoc|Any CPU.Build.0 = Release|Any CPU
		{7A9905FF-E283-4146-85FA-4E3A60BF5032}.Ad-Hoc|ARM.ActiveCfg = Release|Any CPU
		{7A9905FF-E283-4146-85FA-4E3A60BF5032}.Ad-Hoc|ARM.Build.0 = Release|Any CPU
		{7A9905FF-E283-4146-85FA-4E3A60BF5032}.Ad-Hoc|iPhone.ActiveCfg = Release|Any CPU
		{7A9905FF-E283-4146-85FA-4E3A60BF5032}.Ad-Hoc|iPhone.Build.0 = Release|Any CPU
		{7A9905FF-E283-4146-85FA-4E3A60BF5032}.Ad-Hoc|iPhoneSimulator.ActiveCfg = Release|Any CPU
		{7A9905FF-E283-4146-85FA-4E3A60BF5032}.Ad-Hoc|iPhoneSimulator.Build.0 = Release|Any CPU
		{7A9905FF-E283-4146-85FA-4E3A60BF5032}.Ad-Hoc|x64.ActiveCfg = Release|Any CPU
		{7A9905FF-E283-4146-85FA-4E3A60BF5032}.Ad-Hoc|x64.Build.0 = Release|Any CPU
		{7A9905FF-E283-4146-85FA-4E3A60BF5032}.Ad-Hoc|x86.ActiveCfg = Release|Any CPU
		{7A9905FF-E283-4146-85FA-4E3A60BF5032}.Ad-Hoc|x86.Build.0 = Release|Any CPU
		{7A9905FF-E283-4146-85FA-4E3A60BF5032}.AppStore|Any CPU.ActiveCfg = Release|Any CPU
		{7A9905FF-E283-4146-85FA-4E3A60BF5032}.AppStore|Any CPU.Build.0 = Release|Any CPU
		{7A9905FF-E283-4146-85FA-4E3A60BF5032}.AppStore|ARM.ActiveCfg = Release|Any CPU
		{7A9905FF-E283-4146-85FA-4E3A60BF5032}.AppStore|ARM.Build.0 = Release|Any CPU
		{7A9905FF-E283-4146-85FA-4E3A60BF5032}.AppStore|iPhone.ActiveCfg = Release|Any CPU
		{7A9905FF-E283-4146-85FA-4E3A60BF5032}.AppStore|iPhone.Build.0 = Release|Any CPU
		{7A9905FF-E283-4146-85FA-4E3A60BF5032}.AppStore|iPhoneSimulator.ActiveCfg = Release|Any CPU
		{7A9905FF-E283-4146-85FA-4E3A60BF5032}.AppStore|iPhoneSimulator.Build.0 = Release|Any CPU
		{7A9905FF-E283-4146-85FA-4E3A60BF5032}.AppStore|x64.ActiveCfg = Release|Any CPU
		{7A9905FF-E283-4146-85FA-4E3A60BF5032}.AppStore|x64.Build.0 = Release|Any CPU
		{7A9905FF-E283-4146-85FA-4E3A60BF5032}.AppStore|x86.ActiveCfg = Release|Any CPU
		{7A9905FF-E283-4146-85FA-4E3A60BF5032}.AppStore|x86.Build.0 = Release|Any CPU
		{7A9905FF-E283-4146-85FA-4E3A60BF5032}.Debug|Any CPU.ActiveCfg = Debug|Any CPU
		{7A9905FF-E283-4146-85FA-4E3A60BF5032}.Debug|Any CPU.Build.0 = Debug|Any CPU
		{7A9905FF-E283-4146-85FA-4E3A60BF5032}.Debug|ARM.ActiveCfg = Debug|Any CPU
		{7A9905FF-E283-4146-85FA-4E3A60BF5032}.Debug|ARM.Build.0 = Debug|Any CPU
		{7A9905FF-E283-4146-85FA-4E3A60BF5032}.Debug|iPhone.ActiveCfg = Debug|Any CPU
		{7A9905FF-E283-4146-85FA-4E3A60BF5032}.Debug|iPhone.Build.0 = Debug|Any CPU
		{7A9905FF-E283-4146-85FA-4E3A60BF5032}.Debug|iPhoneSimulator.ActiveCfg = Debug|Any CPU
		{7A9905FF-E283-4146-85FA-4E3A60BF5032}.Debug|iPhoneSimulator.Build.0 = Debug|Any CPU
		{7A9905FF-E283-4146-85FA-4E3A60BF5032}.Debug|x64.ActiveCfg = Debug|Any CPU
		{7A9905FF-E283-4146-85FA-4E3A60BF5032}.Debug|x64.Build.0 = Debug|Any CPU
		{7A9905FF-E283-4146-85FA-4E3A60BF5032}.Debug|x86.ActiveCfg = Debug|Any CPU
		{7A9905FF-E283-4146-85FA-4E3A60BF5032}.Debug|x86.Build.0 = Debug|Any CPU
		{7A9905FF-E283-4146-85FA-4E3A60BF5032}.Release|Any CPU.ActiveCfg = Release|Any CPU
		{7A9905FF-E283-4146-85FA-4E3A60BF5032}.Release|Any CPU.Build.0 = Release|Any CPU
		{7A9905FF-E283-4146-85FA-4E3A60BF5032}.Release|ARM.ActiveCfg = Release|Any CPU
		{7A9905FF-E283-4146-85FA-4E3A60BF5032}.Release|ARM.Build.0 = Release|Any CPU
		{7A9905FF-E283-4146-85FA-4E3A60BF5032}.Release|iPhone.ActiveCfg = Release|Any CPU
		{7A9905FF-E283-4146-85FA-4E3A60BF5032}.Release|iPhone.Build.0 = Release|Any CPU
		{7A9905FF-E283-4146-85FA-4E3A60BF5032}.Release|iPhoneSimulator.ActiveCfg = Release|Any CPU
		{7A9905FF-E283-4146-85FA-4E3A60BF5032}.Release|iPhoneSimulator.Build.0 = Release|Any CPU
		{7A9905FF-E283-4146-85FA-4E3A60BF5032}.Release|x64.ActiveCfg = Release|Any CPU
		{7A9905FF-E283-4146-85FA-4E3A60BF5032}.Release|x64.Build.0 = Release|Any CPU
		{7A9905FF-E283-4146-85FA-4E3A60BF5032}.Release|x86.ActiveCfg = Release|Any CPU
		{7A9905FF-E283-4146-85FA-4E3A60BF5032}.Release|x86.Build.0 = Release|Any CPU
		{F512CD61-9D95-49EB-B47B-1A03A8642E0E}.Ad-Hoc|Any CPU.ActiveCfg = Release|Any CPU
		{F512CD61-9D95-49EB-B47B-1A03A8642E0E}.Ad-Hoc|Any CPU.Build.0 = Release|Any CPU
		{F512CD61-9D95-49EB-B47B-1A03A8642E0E}.Ad-Hoc|ARM.ActiveCfg = Release|Any CPU
		{F512CD61-9D95-49EB-B47B-1A03A8642E0E}.Ad-Hoc|ARM.Build.0 = Release|Any CPU
		{F512CD61-9D95-49EB-B47B-1A03A8642E0E}.Ad-Hoc|iPhone.ActiveCfg = Release|Any CPU
		{F512CD61-9D95-49EB-B47B-1A03A8642E0E}.Ad-Hoc|iPhone.Build.0 = Release|Any CPU
		{F512CD61-9D95-49EB-B47B-1A03A8642E0E}.Ad-Hoc|iPhoneSimulator.ActiveCfg = Release|Any CPU
		{F512CD61-9D95-49EB-B47B-1A03A8642E0E}.Ad-Hoc|iPhoneSimulator.Build.0 = Release|Any CPU
		{F512CD61-9D95-49EB-B47B-1A03A8642E0E}.Ad-Hoc|x64.ActiveCfg = Release|Any CPU
		{F512CD61-9D95-49EB-B47B-1A03A8642E0E}.Ad-Hoc|x64.Build.0 = Release|Any CPU
		{F512CD61-9D95-49EB-B47B-1A03A8642E0E}.Ad-Hoc|x86.ActiveCfg = Release|Any CPU
		{F512CD61-9D95-49EB-B47B-1A03A8642E0E}.Ad-Hoc|x86.Build.0 = Release|Any CPU
		{F512CD61-9D95-49EB-B47B-1A03A8642E0E}.AppStore|Any CPU.ActiveCfg = Release|Any CPU
		{F512CD61-9D95-49EB-B47B-1A03A8642E0E}.AppStore|Any CPU.Build.0 = Release|Any CPU
		{F512CD61-9D95-49EB-B47B-1A03A8642E0E}.AppStore|ARM.ActiveCfg = Release|Any CPU
		{F512CD61-9D95-49EB-B47B-1A03A8642E0E}.AppStore|ARM.Build.0 = Release|Any CPU
		{F512CD61-9D95-49EB-B47B-1A03A8642E0E}.AppStore|iPhone.ActiveCfg = Release|Any CPU
		{F512CD61-9D95-49EB-B47B-1A03A8642E0E}.AppStore|iPhone.Build.0 = Release|Any CPU
		{F512CD61-9D95-49EB-B47B-1A03A8642E0E}.AppStore|iPhoneSimulator.ActiveCfg = Release|Any CPU
		{F512CD61-9D95-49EB-B47B-1A03A8642E0E}.AppStore|iPhoneSimulator.Build.0 = Release|Any CPU
		{F512CD61-9D95-49EB-B47B-1A03A8642E0E}.AppStore|x64.ActiveCfg = Release|Any CPU
		{F512CD61-9D95-49EB-B47B-1A03A8642E0E}.AppStore|x64.Build.0 = Release|Any CPU
		{F512CD61-9D95-49EB-B47B-1A03A8642E0E}.AppStore|x86.ActiveCfg = Release|Any CPU
		{F512CD61-9D95-49EB-B47B-1A03A8642E0E}.AppStore|x86.Build.0 = Release|Any CPU
		{F512CD61-9D95-49EB-B47B-1A03A8642E0E}.Debug|Any CPU.ActiveCfg = Debug|Any CPU
		{F512CD61-9D95-49EB-B47B-1A03A8642E0E}.Debug|Any CPU.Build.0 = Debug|Any CPU
		{F512CD61-9D95-49EB-B47B-1A03A8642E0E}.Debug|ARM.ActiveCfg = Debug|Any CPU
		{F512CD61-9D95-49EB-B47B-1A03A8642E0E}.Debug|ARM.Build.0 = Debug|Any CPU
		{F512CD61-9D95-49EB-B47B-1A03A8642E0E}.Debug|iPhone.ActiveCfg = Debug|Any CPU
		{F512CD61-9D95-49EB-B47B-1A03A8642E0E}.Debug|iPhone.Build.0 = Debug|Any CPU
		{F512CD61-9D95-49EB-B47B-1A03A8642E0E}.Debug|iPhoneSimulator.ActiveCfg = Debug|Any CPU
		{F512CD61-9D95-49EB-B47B-1A03A8642E0E}.Debug|iPhoneSimulator.Build.0 = Debug|Any CPU
		{F512CD61-9D95-49EB-B47B-1A03A8642E0E}.Debug|x64.ActiveCfg = Debug|Any CPU
		{F512CD61-9D95-49EB-B47B-1A03A8642E0E}.Debug|x64.Build.0 = Debug|Any CPU
		{F512CD61-9D95-49EB-B47B-1A03A8642E0E}.Debug|x86.ActiveCfg = Debug|Any CPU
		{F512CD61-9D95-49EB-B47B-1A03A8642E0E}.Debug|x86.Build.0 = Debug|Any CPU
		{F512CD61-9D95-49EB-B47B-1A03A8642E0E}.Release|Any CPU.ActiveCfg = Release|Any CPU
		{F512CD61-9D95-49EB-B47B-1A03A8642E0E}.Release|Any CPU.Build.0 = Release|Any CPU
		{F512CD61-9D95-49EB-B47B-1A03A8642E0E}.Release|ARM.ActiveCfg = Release|Any CPU
		{F512CD61-9D95-49EB-B47B-1A03A8642E0E}.Release|ARM.Build.0 = Release|Any CPU
		{F512CD61-9D95-49EB-B47B-1A03A8642E0E}.Release|iPhone.ActiveCfg = Release|Any CPU
		{F512CD61-9D95-49EB-B47B-1A03A8642E0E}.Release|iPhone.Build.0 = Release|Any CPU
		{F512CD61-9D95-49EB-B47B-1A03A8642E0E}.Release|iPhoneSimulator.ActiveCfg = Release|Any CPU
		{F512CD61-9D95-49EB-B47B-1A03A8642E0E}.Release|iPhoneSimulator.Build.0 = Release|Any CPU
		{F512CD61-9D95-49EB-B47B-1A03A8642E0E}.Release|x64.ActiveCfg = Release|Any CPU
		{F512CD61-9D95-49EB-B47B-1A03A8642E0E}.Release|x64.Build.0 = Release|Any CPU
		{F512CD61-9D95-49EB-B47B-1A03A8642E0E}.Release|x86.ActiveCfg = Release|Any CPU
		{F512CD61-9D95-49EB-B47B-1A03A8642E0E}.Release|x86.Build.0 = Release|Any CPU
		{4583C566-2C58-4EC0-B247-DAAAA7A8DBF6}.Ad-Hoc|Any CPU.ActiveCfg = Release|Any CPU
		{4583C566-2C58-4EC0-B247-DAAAA7A8DBF6}.Ad-Hoc|Any CPU.Build.0 = Release|Any CPU
		{4583C566-2C58-4EC0-B247-DAAAA7A8DBF6}.Ad-Hoc|ARM.ActiveCfg = Release|Any CPU
		{4583C566-2C58-4EC0-B247-DAAAA7A8DBF6}.Ad-Hoc|ARM.Build.0 = Release|Any CPU
		{4583C566-2C58-4EC0-B247-DAAAA7A8DBF6}.Ad-Hoc|iPhone.ActiveCfg = Release|Any CPU
		{4583C566-2C58-4EC0-B247-DAAAA7A8DBF6}.Ad-Hoc|iPhone.Build.0 = Release|Any CPU
		{4583C566-2C58-4EC0-B247-DAAAA7A8DBF6}.Ad-Hoc|iPhoneSimulator.ActiveCfg = Release|Any CPU
		{4583C566-2C58-4EC0-B247-DAAAA7A8DBF6}.Ad-Hoc|iPhoneSimulator.Build.0 = Release|Any CPU
		{4583C566-2C58-4EC0-B247-DAAAA7A8DBF6}.Ad-Hoc|x64.ActiveCfg = Release|Any CPU
		{4583C566-2C58-4EC0-B247-DAAAA7A8DBF6}.Ad-Hoc|x64.Build.0 = Release|Any CPU
		{4583C566-2C58-4EC0-B247-DAAAA7A8DBF6}.Ad-Hoc|x86.ActiveCfg = Release|Any CPU
		{4583C566-2C58-4EC0-B247-DAAAA7A8DBF6}.Ad-Hoc|x86.Build.0 = Release|Any CPU
		{4583C566-2C58-4EC0-B247-DAAAA7A8DBF6}.AppStore|Any CPU.ActiveCfg = Release|Any CPU
		{4583C566-2C58-4EC0-B247-DAAAA7A8DBF6}.AppStore|Any CPU.Build.0 = Release|Any CPU
		{4583C566-2C58-4EC0-B247-DAAAA7A8DBF6}.AppStore|ARM.ActiveCfg = Release|Any CPU
		{4583C566-2C58-4EC0-B247-DAAAA7A8DBF6}.AppStore|ARM.Build.0 = Release|Any CPU
		{4583C566-2C58-4EC0-B247-DAAAA7A8DBF6}.AppStore|iPhone.ActiveCfg = Release|Any CPU
		{4583C566-2C58-4EC0-B247-DAAAA7A8DBF6}.AppStore|iPhone.Build.0 = Release|Any CPU
		{4583C566-2C58-4EC0-B247-DAAAA7A8DBF6}.AppStore|iPhoneSimulator.ActiveCfg = Release|Any CPU
		{4583C566-2C58-4EC0-B247-DAAAA7A8DBF6}.AppStore|iPhoneSimulator.Build.0 = Release|Any CPU
		{4583C566-2C58-4EC0-B247-DAAAA7A8DBF6}.AppStore|x64.ActiveCfg = Release|Any CPU
		{4583C566-2C58-4EC0-B247-DAAAA7A8DBF6}.AppStore|x64.Build.0 = Release|Any CPU
		{4583C566-2C58-4EC0-B247-DAAAA7A8DBF6}.AppStore|x86.ActiveCfg = Release|Any CPU
		{4583C566-2C58-4EC0-B247-DAAAA7A8DBF6}.AppStore|x86.Build.0 = Release|Any CPU
		{4583C566-2C58-4EC0-B247-DAAAA7A8DBF6}.Debug|Any CPU.ActiveCfg = Debug|Any CPU
		{4583C566-2C58-4EC0-B247-DAAAA7A8DBF6}.Debug|Any CPU.Build.0 = Debug|Any CPU
		{4583C566-2C58-4EC0-B247-DAAAA7A8DBF6}.Debug|ARM.ActiveCfg = Debug|Any CPU
		{4583C566-2C58-4EC0-B247-DAAAA7A8DBF6}.Debug|ARM.Build.0 = Debug|Any CPU
		{4583C566-2C58-4EC0-B247-DAAAA7A8DBF6}.Debug|iPhone.ActiveCfg = Debug|Any CPU
		{4583C566-2C58-4EC0-B247-DAAAA7A8DBF6}.Debug|iPhone.Build.0 = Debug|Any CPU
		{4583C566-2C58-4EC0-B247-DAAAA7A8DBF6}.Debug|iPhoneSimulator.ActiveCfg = Debug|Any CPU
		{4583C566-2C58-4EC0-B247-DAAAA7A8DBF6}.Debug|iPhoneSimulator.Build.0 = Debug|Any CPU
		{4583C566-2C58-4EC0-B247-DAAAA7A8DBF6}.Debug|x64.ActiveCfg = Debug|Any CPU
		{4583C566-2C58-4EC0-B247-DAAAA7A8DBF6}.Debug|x64.Build.0 = Debug|Any CPU
		{4583C566-2C58-4EC0-B247-DAAAA7A8DBF6}.Debug|x86.ActiveCfg = Debug|Any CPU
		{4583C566-2C58-4EC0-B247-DAAAA7A8DBF6}.Debug|x86.Build.0 = Debug|Any CPU
		{4583C566-2C58-4EC0-B247-DAAAA7A8DBF6}.Release|Any CPU.ActiveCfg = Release|Any CPU
		{4583C566-2C58-4EC0-B247-DAAAA7A8DBF6}.Release|Any CPU.Build.0 = Release|Any CPU
		{4583C566-2C58-4EC0-B247-DAAAA7A8DBF6}.Release|ARM.ActiveCfg = Release|Any CPU
		{4583C566-2C58-4EC0-B247-DAAAA7A8DBF6}.Release|ARM.Build.0 = Release|Any CPU
		{4583C566-2C58-4EC0-B247-DAAAA7A8DBF6}.Release|iPhone.ActiveCfg = Release|Any CPU
		{4583C566-2C58-4EC0-B247-DAAAA7A8DBF6}.Release|iPhone.Build.0 = Release|Any CPU
		{4583C566-2C58-4EC0-B247-DAAAA7A8DBF6}.Release|iPhoneSimulator.ActiveCfg = Release|Any CPU
		{4583C566-2C58-4EC0-B247-DAAAA7A8DBF6}.Release|iPhoneSimulator.Build.0 = Release|Any CPU
		{4583C566-2C58-4EC0-B247-DAAAA7A8DBF6}.Release|x64.ActiveCfg = Release|Any CPU
		{4583C566-2C58-4EC0-B247-DAAAA7A8DBF6}.Release|x64.Build.0 = Release|Any CPU
		{4583C566-2C58-4EC0-B247-DAAAA7A8DBF6}.Release|x86.ActiveCfg = Release|Any CPU
		{4583C566-2C58-4EC0-B247-DAAAA7A8DBF6}.Release|x86.Build.0 = Release|Any CPU
		{6C72C1E3-47AF-465B-8F86-F042321277D5}.Ad-Hoc|Any CPU.ActiveCfg = Release|Any CPU
		{6C72C1E3-47AF-465B-8F86-F042321277D5}.Ad-Hoc|Any CPU.Build.0 = Release|Any CPU
		{6C72C1E3-47AF-465B-8F86-F042321277D5}.Ad-Hoc|Any CPU.Deploy.0 = Release|Any CPU
		{6C72C1E3-47AF-465B-8F86-F042321277D5}.Ad-Hoc|ARM.ActiveCfg = Release|Any CPU
		{6C72C1E3-47AF-465B-8F86-F042321277D5}.Ad-Hoc|ARM.Build.0 = Release|Any CPU
		{6C72C1E3-47AF-465B-8F86-F042321277D5}.Ad-Hoc|ARM.Deploy.0 = Release|Any CPU
		{6C72C1E3-47AF-465B-8F86-F042321277D5}.Ad-Hoc|iPhone.ActiveCfg = Release|Any CPU
		{6C72C1E3-47AF-465B-8F86-F042321277D5}.Ad-Hoc|iPhone.Build.0 = Release|Any CPU
		{6C72C1E3-47AF-465B-8F86-F042321277D5}.Ad-Hoc|iPhone.Deploy.0 = Release|Any CPU
		{6C72C1E3-47AF-465B-8F86-F042321277D5}.Ad-Hoc|iPhoneSimulator.ActiveCfg = Release|Any CPU
		{6C72C1E3-47AF-465B-8F86-F042321277D5}.Ad-Hoc|iPhoneSimulator.Build.0 = Release|Any CPU
		{6C72C1E3-47AF-465B-8F86-F042321277D5}.Ad-Hoc|iPhoneSimulator.Deploy.0 = Release|Any CPU
		{6C72C1E3-47AF-465B-8F86-F042321277D5}.Ad-Hoc|x64.ActiveCfg = Release|Any CPU
		{6C72C1E3-47AF-465B-8F86-F042321277D5}.Ad-Hoc|x64.Build.0 = Release|Any CPU
		{6C72C1E3-47AF-465B-8F86-F042321277D5}.Ad-Hoc|x64.Deploy.0 = Release|Any CPU
		{6C72C1E3-47AF-465B-8F86-F042321277D5}.Ad-Hoc|x86.ActiveCfg = Release|Any CPU
		{6C72C1E3-47AF-465B-8F86-F042321277D5}.Ad-Hoc|x86.Build.0 = Release|Any CPU
		{6C72C1E3-47AF-465B-8F86-F042321277D5}.Ad-Hoc|x86.Deploy.0 = Release|Any CPU
		{6C72C1E3-47AF-465B-8F86-F042321277D5}.AppStore|Any CPU.ActiveCfg = Release|Any CPU
		{6C72C1E3-47AF-465B-8F86-F042321277D5}.AppStore|Any CPU.Build.0 = Release|Any CPU
		{6C72C1E3-47AF-465B-8F86-F042321277D5}.AppStore|Any CPU.Deploy.0 = Release|Any CPU
		{6C72C1E3-47AF-465B-8F86-F042321277D5}.AppStore|ARM.ActiveCfg = Release|Any CPU
		{6C72C1E3-47AF-465B-8F86-F042321277D5}.AppStore|ARM.Build.0 = Release|Any CPU
		{6C72C1E3-47AF-465B-8F86-F042321277D5}.AppStore|ARM.Deploy.0 = Release|Any CPU
		{6C72C1E3-47AF-465B-8F86-F042321277D5}.AppStore|iPhone.ActiveCfg = Release|Any CPU
		{6C72C1E3-47AF-465B-8F86-F042321277D5}.AppStore|iPhone.Build.0 = Release|Any CPU
		{6C72C1E3-47AF-465B-8F86-F042321277D5}.AppStore|iPhone.Deploy.0 = Release|Any CPU
		{6C72C1E3-47AF-465B-8F86-F042321277D5}.AppStore|iPhoneSimulator.ActiveCfg = Release|Any CPU
		{6C72C1E3-47AF-465B-8F86-F042321277D5}.AppStore|iPhoneSimulator.Build.0 = Release|Any CPU
		{6C72C1E3-47AF-465B-8F86-F042321277D5}.AppStore|iPhoneSimulator.Deploy.0 = Release|Any CPU
		{6C72C1E3-47AF-465B-8F86-F042321277D5}.AppStore|x64.ActiveCfg = Release|Any CPU
		{6C72C1E3-47AF-465B-8F86-F042321277D5}.AppStore|x64.Build.0 = Release|Any CPU
		{6C72C1E3-47AF-465B-8F86-F042321277D5}.AppStore|x64.Deploy.0 = Release|Any CPU
		{6C72C1E3-47AF-465B-8F86-F042321277D5}.AppStore|x86.ActiveCfg = Release|Any CPU
		{6C72C1E3-47AF-465B-8F86-F042321277D5}.AppStore|x86.Build.0 = Release|Any CPU
		{6C72C1E3-47AF-465B-8F86-F042321277D5}.AppStore|x86.Deploy.0 = Release|Any CPU
		{6C72C1E3-47AF-465B-8F86-F042321277D5}.Debug|Any CPU.ActiveCfg = Debug|Any CPU
		{6C72C1E3-47AF-465B-8F86-F042321277D5}.Debug|Any CPU.Build.0 = Debug|Any CPU
		{6C72C1E3-47AF-465B-8F86-F042321277D5}.Debug|Any CPU.Deploy.0 = Debug|Any CPU
		{6C72C1E3-47AF-465B-8F86-F042321277D5}.Debug|ARM.ActiveCfg = Debug|Any CPU
		{6C72C1E3-47AF-465B-8F86-F042321277D5}.Debug|ARM.Build.0 = Debug|Any CPU
		{6C72C1E3-47AF-465B-8F86-F042321277D5}.Debug|ARM.Deploy.0 = Debug|Any CPU
		{6C72C1E3-47AF-465B-8F86-F042321277D5}.Debug|iPhone.ActiveCfg = Debug|Any CPU
		{6C72C1E3-47AF-465B-8F86-F042321277D5}.Debug|iPhone.Build.0 = Debug|Any CPU
		{6C72C1E3-47AF-465B-8F86-F042321277D5}.Debug|iPhone.Deploy.0 = Debug|Any CPU
		{6C72C1E3-47AF-465B-8F86-F042321277D5}.Debug|iPhoneSimulator.ActiveCfg = Debug|Any CPU
		{6C72C1E3-47AF-465B-8F86-F042321277D5}.Debug|iPhoneSimulator.Build.0 = Debug|Any CPU
		{6C72C1E3-47AF-465B-8F86-F042321277D5}.Debug|iPhoneSimulator.Deploy.0 = Debug|Any CPU
		{6C72C1E3-47AF-465B-8F86-F042321277D5}.Debug|x64.ActiveCfg = Debug|Any CPU
		{6C72C1E3-47AF-465B-8F86-F042321277D5}.Debug|x64.Build.0 = Debug|Any CPU
		{6C72C1E3-47AF-465B-8F86-F042321277D5}.Debug|x64.Deploy.0 = Debug|Any CPU
		{6C72C1E3-47AF-465B-8F86-F042321277D5}.Debug|x86.ActiveCfg = Debug|Any CPU
		{6C72C1E3-47AF-465B-8F86-F042321277D5}.Debug|x86.Build.0 = Debug|Any CPU
		{6C72C1E3-47AF-465B-8F86-F042321277D5}.Debug|x86.Deploy.0 = Debug|Any CPU
		{6C72C1E3-47AF-465B-8F86-F042321277D5}.Release|Any CPU.ActiveCfg = Release|Any CPU
		{6C72C1E3-47AF-465B-8F86-F042321277D5}.Release|Any CPU.Build.0 = Release|Any CPU
		{6C72C1E3-47AF-465B-8F86-F042321277D5}.Release|Any CPU.Deploy.0 = Release|Any CPU
		{6C72C1E3-47AF-465B-8F86-F042321277D5}.Release|ARM.ActiveCfg = Release|Any CPU
		{6C72C1E3-47AF-465B-8F86-F042321277D5}.Release|ARM.Build.0 = Release|Any CPU
		{6C72C1E3-47AF-465B-8F86-F042321277D5}.Release|ARM.Deploy.0 = Release|Any CPU
		{6C72C1E3-47AF-465B-8F86-F042321277D5}.Release|iPhone.ActiveCfg = Release|Any CPU
		{6C72C1E3-47AF-465B-8F86-F042321277D5}.Release|iPhone.Build.0 = Release|Any CPU
		{6C72C1E3-47AF-465B-8F86-F042321277D5}.Release|iPhone.Deploy.0 = Release|Any CPU
		{6C72C1E3-47AF-465B-8F86-F042321277D5}.Release|iPhoneSimulator.ActiveCfg = Release|Any CPU
		{6C72C1E3-47AF-465B-8F86-F042321277D5}.Release|iPhoneSimulator.Build.0 = Release|Any CPU
		{6C72C1E3-47AF-465B-8F86-F042321277D5}.Release|iPhoneSimulator.Deploy.0 = Release|Any CPU
		{6C72C1E3-47AF-465B-8F86-F042321277D5}.Release|x64.ActiveCfg = Release|Any CPU
		{6C72C1E3-47AF-465B-8F86-F042321277D5}.Release|x64.Build.0 = Release|Any CPU
		{6C72C1E3-47AF-465B-8F86-F042321277D5}.Release|x64.Deploy.0 = Release|Any CPU
		{6C72C1E3-47AF-465B-8F86-F042321277D5}.Release|x86.ActiveCfg = Release|Any CPU
		{6C72C1E3-47AF-465B-8F86-F042321277D5}.Release|x86.Build.0 = Release|Any CPU
		{6C72C1E3-47AF-465B-8F86-F042321277D5}.Release|x86.Deploy.0 = Release|Any CPU
		{397ED925-E4C7-4390-81BB-56F6FDBAF31B}.Ad-Hoc|Any CPU.ActiveCfg = Ad-Hoc|iPhone
		{397ED925-E4C7-4390-81BB-56F6FDBAF31B}.Ad-Hoc|ARM.ActiveCfg = Ad-Hoc|iPhone
		{397ED925-E4C7-4390-81BB-56F6FDBAF31B}.Ad-Hoc|iPhone.ActiveCfg = Ad-Hoc|iPhone
		{397ED925-E4C7-4390-81BB-56F6FDBAF31B}.Ad-Hoc|iPhone.Build.0 = Ad-Hoc|iPhone
		{397ED925-E4C7-4390-81BB-56F6FDBAF31B}.Ad-Hoc|iPhoneSimulator.ActiveCfg = Ad-Hoc|iPhoneSimulator
		{397ED925-E4C7-4390-81BB-56F6FDBAF31B}.Ad-Hoc|iPhoneSimulator.Build.0 = Ad-Hoc|iPhoneSimulator
		{397ED925-E4C7-4390-81BB-56F6FDBAF31B}.Ad-Hoc|x64.ActiveCfg = Ad-Hoc|iPhone
		{397ED925-E4C7-4390-81BB-56F6FDBAF31B}.Ad-Hoc|x86.ActiveCfg = Ad-Hoc|iPhone
		{397ED925-E4C7-4390-81BB-56F6FDBAF31B}.AppStore|Any CPU.ActiveCfg = AppStore|iPhone
		{397ED925-E4C7-4390-81BB-56F6FDBAF31B}.AppStore|ARM.ActiveCfg = AppStore|iPhone
		{397ED925-E4C7-4390-81BB-56F6FDBAF31B}.AppStore|iPhone.ActiveCfg = AppStore|iPhone
		{397ED925-E4C7-4390-81BB-56F6FDBAF31B}.AppStore|iPhone.Build.0 = AppStore|iPhone
		{397ED925-E4C7-4390-81BB-56F6FDBAF31B}.AppStore|iPhoneSimulator.ActiveCfg = AppStore|iPhoneSimulator
		{397ED925-E4C7-4390-81BB-56F6FDBAF31B}.AppStore|iPhoneSimulator.Build.0 = AppStore|iPhoneSimulator
		{397ED925-E4C7-4390-81BB-56F6FDBAF31B}.AppStore|x64.ActiveCfg = AppStore|iPhone
		{397ED925-E4C7-4390-81BB-56F6FDBAF31B}.AppStore|x86.ActiveCfg = AppStore|iPhone
		{397ED925-E4C7-4390-81BB-56F6FDBAF31B}.Debug|Any CPU.ActiveCfg = Debug|iPhone
		{397ED925-E4C7-4390-81BB-56F6FDBAF31B}.Debug|ARM.ActiveCfg = Debug|iPhone
		{397ED925-E4C7-4390-81BB-56F6FDBAF31B}.Debug|iPhone.ActiveCfg = Debug|iPhone
		{397ED925-E4C7-4390-81BB-56F6FDBAF31B}.Debug|iPhone.Build.0 = Debug|iPhone
		{397ED925-E4C7-4390-81BB-56F6FDBAF31B}.Debug|iPhoneSimulator.ActiveCfg = Debug|iPhoneSimulator
		{397ED925-E4C7-4390-81BB-56F6FDBAF31B}.Debug|iPhoneSimulator.Build.0 = Debug|iPhoneSimulator
		{397ED925-E4C7-4390-81BB-56F6FDBAF31B}.Debug|x64.ActiveCfg = Debug|iPhone
		{397ED925-E4C7-4390-81BB-56F6FDBAF31B}.Debug|x86.ActiveCfg = Debug|iPhone
		{397ED925-E4C7-4390-81BB-56F6FDBAF31B}.Release|Any CPU.ActiveCfg = Release|iPhone
		{397ED925-E4C7-4390-81BB-56F6FDBAF31B}.Release|ARM.ActiveCfg = Release|iPhone
		{397ED925-E4C7-4390-81BB-56F6FDBAF31B}.Release|iPhone.ActiveCfg = Release|iPhone
		{397ED925-E4C7-4390-81BB-56F6FDBAF31B}.Release|iPhone.Build.0 = Release|iPhone
		{397ED925-E4C7-4390-81BB-56F6FDBAF31B}.Release|iPhoneSimulator.ActiveCfg = Release|iPhoneSimulator
		{397ED925-E4C7-4390-81BB-56F6FDBAF31B}.Release|iPhoneSimulator.Build.0 = Release|iPhoneSimulator
		{397ED925-E4C7-4390-81BB-56F6FDBAF31B}.Release|x64.ActiveCfg = Release|iPhone
		{397ED925-E4C7-4390-81BB-56F6FDBAF31B}.Release|x86.ActiveCfg = Release|iPhone
		{4AD81E8C-E6F9-4749-863E-E6A95B44E64B}.Ad-Hoc|Any CPU.ActiveCfg = Release|x86
		{4AD81E8C-E6F9-4749-863E-E6A95B44E64B}.Ad-Hoc|Any CPU.Build.0 = Release|x86
		{4AD81E8C-E6F9-4749-863E-E6A95B44E64B}.Ad-Hoc|Any CPU.Deploy.0 = Release|x86
		{4AD81E8C-E6F9-4749-863E-E6A95B44E64B}.Ad-Hoc|ARM.ActiveCfg = Release|ARM
		{4AD81E8C-E6F9-4749-863E-E6A95B44E64B}.Ad-Hoc|ARM.Build.0 = Release|ARM
		{4AD81E8C-E6F9-4749-863E-E6A95B44E64B}.Ad-Hoc|ARM.Deploy.0 = Release|ARM
		{4AD81E8C-E6F9-4749-863E-E6A95B44E64B}.Ad-Hoc|iPhone.ActiveCfg = Release|x86
		{4AD81E8C-E6F9-4749-863E-E6A95B44E64B}.Ad-Hoc|iPhone.Build.0 = Release|x86
		{4AD81E8C-E6F9-4749-863E-E6A95B44E64B}.Ad-Hoc|iPhone.Deploy.0 = Release|x86
		{4AD81E8C-E6F9-4749-863E-E6A95B44E64B}.Ad-Hoc|iPhoneSimulator.ActiveCfg = Release|x86
		{4AD81E8C-E6F9-4749-863E-E6A95B44E64B}.Ad-Hoc|iPhoneSimulator.Build.0 = Release|x86
		{4AD81E8C-E6F9-4749-863E-E6A95B44E64B}.Ad-Hoc|iPhoneSimulator.Deploy.0 = Release|x86
		{4AD81E8C-E6F9-4749-863E-E6A95B44E64B}.Ad-Hoc|x64.ActiveCfg = Release|x64
		{4AD81E8C-E6F9-4749-863E-E6A95B44E64B}.Ad-Hoc|x64.Build.0 = Release|x64
		{4AD81E8C-E6F9-4749-863E-E6A95B44E64B}.Ad-Hoc|x64.Deploy.0 = Release|x64
		{4AD81E8C-E6F9-4749-863E-E6A95B44E64B}.Ad-Hoc|x86.ActiveCfg = Release|x86
		{4AD81E8C-E6F9-4749-863E-E6A95B44E64B}.Ad-Hoc|x86.Build.0 = Release|x86
		{4AD81E8C-E6F9-4749-863E-E6A95B44E64B}.Ad-Hoc|x86.Deploy.0 = Release|x86
		{4AD81E8C-E6F9-4749-863E-E6A95B44E64B}.AppStore|Any CPU.ActiveCfg = Release|x86
		{4AD81E8C-E6F9-4749-863E-E6A95B44E64B}.AppStore|Any CPU.Build.0 = Release|x86
		{4AD81E8C-E6F9-4749-863E-E6A95B44E64B}.AppStore|Any CPU.Deploy.0 = Release|x86
		{4AD81E8C-E6F9-4749-863E-E6A95B44E64B}.AppStore|ARM.ActiveCfg = Release|ARM
		{4AD81E8C-E6F9-4749-863E-E6A95B44E64B}.AppStore|ARM.Build.0 = Release|ARM
		{4AD81E8C-E6F9-4749-863E-E6A95B44E64B}.AppStore|ARM.Deploy.0 = Release|ARM
		{4AD81E8C-E6F9-4749-863E-E6A95B44E64B}.AppStore|iPhone.ActiveCfg = Release|x86
		{4AD81E8C-E6F9-4749-863E-E6A95B44E64B}.AppStore|iPhone.Build.0 = Release|x86
		{4AD81E8C-E6F9-4749-863E-E6A95B44E64B}.AppStore|iPhone.Deploy.0 = Release|x86
		{4AD81E8C-E6F9-4749-863E-E6A95B44E64B}.AppStore|iPhoneSimulator.ActiveCfg = Release|x86
		{4AD81E8C-E6F9-4749-863E-E6A95B44E64B}.AppStore|iPhoneSimulator.Build.0 = Release|x86
		{4AD81E8C-E6F9-4749-863E-E6A95B44E64B}.AppStore|iPhoneSimulator.Deploy.0 = Release|x86
		{4AD81E8C-E6F9-4749-863E-E6A95B44E64B}.AppStore|x64.ActiveCfg = Release|x64
		{4AD81E8C-E6F9-4749-863E-E6A95B44E64B}.AppStore|x64.Build.0 = Release|x64
		{4AD81E8C-E6F9-4749-863E-E6A95B44E64B}.AppStore|x64.Deploy.0 = Release|x64
		{4AD81E8C-E6F9-4749-863E-E6A95B44E64B}.AppStore|x86.ActiveCfg = Release|x86
		{4AD81E8C-E6F9-4749-863E-E6A95B44E64B}.AppStore|x86.Build.0 = Release|x86
		{4AD81E8C-E6F9-4749-863E-E6A95B44E64B}.AppStore|x86.Deploy.0 = Release|x86
		{4AD81E8C-E6F9-4749-863E-E6A95B44E64B}.Debug|Any CPU.ActiveCfg = Debug|x86
		{4AD81E8C-E6F9-4749-863E-E6A95B44E64B}.Debug|ARM.ActiveCfg = Debug|ARM
		{4AD81E8C-E6F9-4749-863E-E6A95B44E64B}.Debug|ARM.Build.0 = Debug|ARM
		{4AD81E8C-E6F9-4749-863E-E6A95B44E64B}.Debug|ARM.Deploy.0 = Debug|ARM
		{4AD81E8C-E6F9-4749-863E-E6A95B44E64B}.Debug|iPhone.ActiveCfg = Debug|x86
		{4AD81E8C-E6F9-4749-863E-E6A95B44E64B}.Debug|iPhoneSimulator.ActiveCfg = Debug|x86
		{4AD81E8C-E6F9-4749-863E-E6A95B44E64B}.Debug|x64.ActiveCfg = Debug|x64
		{4AD81E8C-E6F9-4749-863E-E6A95B44E64B}.Debug|x64.Build.0 = Debug|x64
		{4AD81E8C-E6F9-4749-863E-E6A95B44E64B}.Debug|x64.Deploy.0 = Debug|x64
		{4AD81E8C-E6F9-4749-863E-E6A95B44E64B}.Debug|x86.ActiveCfg = Debug|x86
		{4AD81E8C-E6F9-4749-863E-E6A95B44E64B}.Debug|x86.Build.0 = Debug|x86
		{4AD81E8C-E6F9-4749-863E-E6A95B44E64B}.Debug|x86.Deploy.0 = Debug|x86
		{4AD81E8C-E6F9-4749-863E-E6A95B44E64B}.Release|Any CPU.ActiveCfg = Release|x86
		{4AD81E8C-E6F9-4749-863E-E6A95B44E64B}.Release|ARM.ActiveCfg = Release|ARM
		{4AD81E8C-E6F9-4749-863E-E6A95B44E64B}.Release|ARM.Build.0 = Release|ARM
		{4AD81E8C-E6F9-4749-863E-E6A95B44E64B}.Release|ARM.Deploy.0 = Release|ARM
		{4AD81E8C-E6F9-4749-863E-E6A95B44E64B}.Release|iPhone.ActiveCfg = Release|x86
		{4AD81E8C-E6F9-4749-863E-E6A95B44E64B}.Release|iPhoneSimulator.ActiveCfg = Release|x86
		{4AD81E8C-E6F9-4749-863E-E6A95B44E64B}.Release|x64.ActiveCfg = Release|x64
		{4AD81E8C-E6F9-4749-863E-E6A95B44E64B}.Release|x64.Build.0 = Release|x64
		{4AD81E8C-E6F9-4749-863E-E6A95B44E64B}.Release|x64.Deploy.0 = Release|x64
		{4AD81E8C-E6F9-4749-863E-E6A95B44E64B}.Release|x86.ActiveCfg = Release|x86
		{4AD81E8C-E6F9-4749-863E-E6A95B44E64B}.Release|x86.Build.0 = Release|x86
		{4AD81E8C-E6F9-4749-863E-E6A95B44E64B}.Release|x86.Deploy.0 = Release|x86
		{E0C2F993-9349-43DD-B94B-4DC8F0F8417C}.Ad-Hoc|Any CPU.ActiveCfg = Release|Any CPU
		{E0C2F993-9349-43DD-B94B-4DC8F0F8417C}.Ad-Hoc|Any CPU.Build.0 = Release|Any CPU
		{E0C2F993-9349-43DD-B94B-4DC8F0F8417C}.Ad-Hoc|ARM.ActiveCfg = Release|Any CPU
		{E0C2F993-9349-43DD-B94B-4DC8F0F8417C}.Ad-Hoc|ARM.Build.0 = Release|Any CPU
		{E0C2F993-9349-43DD-B94B-4DC8F0F8417C}.Ad-Hoc|iPhone.ActiveCfg = Release|Any CPU
		{E0C2F993-9349-43DD-B94B-4DC8F0F8417C}.Ad-Hoc|iPhone.Build.0 = Release|Any CPU
		{E0C2F993-9349-43DD-B94B-4DC8F0F8417C}.Ad-Hoc|iPhoneSimulator.ActiveCfg = Release|Any CPU
		{E0C2F993-9349-43DD-B94B-4DC8F0F8417C}.Ad-Hoc|iPhoneSimulator.Build.0 = Release|Any CPU
		{E0C2F993-9349-43DD-B94B-4DC8F0F8417C}.Ad-Hoc|x64.ActiveCfg = Release|Any CPU
		{E0C2F993-9349-43DD-B94B-4DC8F0F8417C}.Ad-Hoc|x64.Build.0 = Release|Any CPU
		{E0C2F993-9349-43DD-B94B-4DC8F0F8417C}.Ad-Hoc|x86.ActiveCfg = Release|Any CPU
		{E0C2F993-9349-43DD-B94B-4DC8F0F8417C}.Ad-Hoc|x86.Build.0 = Release|Any CPU
		{E0C2F993-9349-43DD-B94B-4DC8F0F8417C}.AppStore|Any CPU.ActiveCfg = Release|Any CPU
		{E0C2F993-9349-43DD-B94B-4DC8F0F8417C}.AppStore|Any CPU.Build.0 = Release|Any CPU
		{E0C2F993-9349-43DD-B94B-4DC8F0F8417C}.AppStore|ARM.ActiveCfg = Release|Any CPU
		{E0C2F993-9349-43DD-B94B-4DC8F0F8417C}.AppStore|ARM.Build.0 = Release|Any CPU
		{E0C2F993-9349-43DD-B94B-4DC8F0F8417C}.AppStore|iPhone.ActiveCfg = Release|Any CPU
		{E0C2F993-9349-43DD-B94B-4DC8F0F8417C}.AppStore|iPhone.Build.0 = Release|Any CPU
		{E0C2F993-9349-43DD-B94B-4DC8F0F8417C}.AppStore|iPhoneSimulator.ActiveCfg = Release|Any CPU
		{E0C2F993-9349-43DD-B94B-4DC8F0F8417C}.AppStore|iPhoneSimulator.Build.0 = Release|Any CPU
		{E0C2F993-9349-43DD-B94B-4DC8F0F8417C}.AppStore|x64.ActiveCfg = Release|Any CPU
		{E0C2F993-9349-43DD-B94B-4DC8F0F8417C}.AppStore|x64.Build.0 = Release|Any CPU
		{E0C2F993-9349-43DD-B94B-4DC8F0F8417C}.AppStore|x86.ActiveCfg = Release|Any CPU
		{E0C2F993-9349-43DD-B94B-4DC8F0F8417C}.AppStore|x86.Build.0 = Release|Any CPU
		{E0C2F993-9349-43DD-B94B-4DC8F0F8417C}.Debug|Any CPU.ActiveCfg = Debug|Any CPU
		{E0C2F993-9349-43DD-B94B-4DC8F0F8417C}.Debug|Any CPU.Build.0 = Debug|Any CPU
		{E0C2F993-9349-43DD-B94B-4DC8F0F8417C}.Debug|ARM.ActiveCfg = Debug|Any CPU
		{E0C2F993-9349-43DD-B94B-4DC8F0F8417C}.Debug|ARM.Build.0 = Debug|Any CPU
		{E0C2F993-9349-43DD-B94B-4DC8F0F8417C}.Debug|iPhone.ActiveCfg = Debug|Any CPU
		{E0C2F993-9349-43DD-B94B-4DC8F0F8417C}.Debug|iPhone.Build.0 = Debug|Any CPU
		{E0C2F993-9349-43DD-B94B-4DC8F0F8417C}.Debug|iPhoneSimulator.ActiveCfg = Debug|Any CPU
		{E0C2F993-9349-43DD-B94B-4DC8F0F8417C}.Debug|iPhoneSimulator.Build.0 = Debug|Any CPU
		{E0C2F993-9349-43DD-B94B-4DC8F0F8417C}.Debug|x64.ActiveCfg = Debug|Any CPU
		{E0C2F993-9349-43DD-B94B-4DC8F0F8417C}.Debug|x64.Build.0 = Debug|Any CPU
		{E0C2F993-9349-43DD-B94B-4DC8F0F8417C}.Debug|x86.ActiveCfg = Debug|Any CPU
		{E0C2F993-9349-43DD-B94B-4DC8F0F8417C}.Debug|x86.Build.0 = Debug|Any CPU
		{E0C2F993-9349-43DD-B94B-4DC8F0F8417C}.Release|Any CPU.ActiveCfg = Release|Any CPU
		{E0C2F993-9349-43DD-B94B-4DC8F0F8417C}.Release|Any CPU.Build.0 = Release|Any CPU
		{E0C2F993-9349-43DD-B94B-4DC8F0F8417C}.Release|ARM.ActiveCfg = Release|Any CPU
		{E0C2F993-9349-43DD-B94B-4DC8F0F8417C}.Release|ARM.Build.0 = Release|Any CPU
		{E0C2F993-9349-43DD-B94B-4DC8F0F8417C}.Release|iPhone.ActiveCfg = Release|Any CPU
		{E0C2F993-9349-43DD-B94B-4DC8F0F8417C}.Release|iPhone.Build.0 = Release|Any CPU
		{E0C2F993-9349-43DD-B94B-4DC8F0F8417C}.Release|iPhoneSimulator.ActiveCfg = Release|Any CPU
		{E0C2F993-9349-43DD-B94B-4DC8F0F8417C}.Release|iPhoneSimulator.Build.0 = Release|Any CPU
		{E0C2F993-9349-43DD-B94B-4DC8F0F8417C}.Release|x64.ActiveCfg = Release|Any CPU
		{E0C2F993-9349-43DD-B94B-4DC8F0F8417C}.Release|x64.Build.0 = Release|Any CPU
		{E0C2F993-9349-43DD-B94B-4DC8F0F8417C}.Release|x86.ActiveCfg = Release|Any CPU
		{E0C2F993-9349-43DD-B94B-4DC8F0F8417C}.Release|x86.Build.0 = Release|Any CPU
		{F1BDABE1-EC5A-48A1-904B-254787B27CC5}.Ad-Hoc|Any CPU.ActiveCfg = Release|Any CPU
		{F1BDABE1-EC5A-48A1-904B-254787B27CC5}.Ad-Hoc|Any CPU.Build.0 = Release|Any CPU
		{F1BDABE1-EC5A-48A1-904B-254787B27CC5}.Ad-Hoc|ARM.ActiveCfg = Release|Any CPU
		{F1BDABE1-EC5A-48A1-904B-254787B27CC5}.Ad-Hoc|ARM.Build.0 = Release|Any CPU
		{F1BDABE1-EC5A-48A1-904B-254787B27CC5}.Ad-Hoc|iPhone.ActiveCfg = Release|Any CPU
		{F1BDABE1-EC5A-48A1-904B-254787B27CC5}.Ad-Hoc|iPhone.Build.0 = Release|Any CPU
		{F1BDABE1-EC5A-48A1-904B-254787B27CC5}.Ad-Hoc|iPhoneSimulator.ActiveCfg = Release|Any CPU
		{F1BDABE1-EC5A-48A1-904B-254787B27CC5}.Ad-Hoc|iPhoneSimulator.Build.0 = Release|Any CPU
		{F1BDABE1-EC5A-48A1-904B-254787B27CC5}.Ad-Hoc|x64.ActiveCfg = Release|Any CPU
		{F1BDABE1-EC5A-48A1-904B-254787B27CC5}.Ad-Hoc|x64.Build.0 = Release|Any CPU
		{F1BDABE1-EC5A-48A1-904B-254787B27CC5}.Ad-Hoc|x86.ActiveCfg = Release|Any CPU
		{F1BDABE1-EC5A-48A1-904B-254787B27CC5}.Ad-Hoc|x86.Build.0 = Release|Any CPU
		{F1BDABE1-EC5A-48A1-904B-254787B27CC5}.AppStore|Any CPU.ActiveCfg = Release|Any CPU
		{F1BDABE1-EC5A-48A1-904B-254787B27CC5}.AppStore|Any CPU.Build.0 = Release|Any CPU
		{F1BDABE1-EC5A-48A1-904B-254787B27CC5}.AppStore|ARM.ActiveCfg = Release|Any CPU
		{F1BDABE1-EC5A-48A1-904B-254787B27CC5}.AppStore|ARM.Build.0 = Release|Any CPU
		{F1BDABE1-EC5A-48A1-904B-254787B27CC5}.AppStore|iPhone.ActiveCfg = Release|Any CPU
		{F1BDABE1-EC5A-48A1-904B-254787B27CC5}.AppStore|iPhone.Build.0 = Release|Any CPU
		{F1BDABE1-EC5A-48A1-904B-254787B27CC5}.AppStore|iPhoneSimulator.ActiveCfg = Release|Any CPU
		{F1BDABE1-EC5A-48A1-904B-254787B27CC5}.AppStore|iPhoneSimulator.Build.0 = Release|Any CPU
		{F1BDABE1-EC5A-48A1-904B-254787B27CC5}.AppStore|x64.ActiveCfg = Release|Any CPU
		{F1BDABE1-EC5A-48A1-904B-254787B27CC5}.AppStore|x64.Build.0 = Release|Any CPU
		{F1BDABE1-EC5A-48A1-904B-254787B27CC5}.AppStore|x86.ActiveCfg = Release|Any CPU
		{F1BDABE1-EC5A-48A1-904B-254787B27CC5}.AppStore|x86.Build.0 = Release|Any CPU
		{F1BDABE1-EC5A-48A1-904B-254787B27CC5}.Debug|Any CPU.ActiveCfg = Debug|Any CPU
		{F1BDABE1-EC5A-48A1-904B-254787B27CC5}.Debug|Any CPU.Build.0 = Debug|Any CPU
		{F1BDABE1-EC5A-48A1-904B-254787B27CC5}.Debug|ARM.ActiveCfg = Debug|Any CPU
		{F1BDABE1-EC5A-48A1-904B-254787B27CC5}.Debug|ARM.Build.0 = Debug|Any CPU
		{F1BDABE1-EC5A-48A1-904B-254787B27CC5}.Debug|iPhone.ActiveCfg = Debug|Any CPU
		{F1BDABE1-EC5A-48A1-904B-254787B27CC5}.Debug|iPhone.Build.0 = Debug|Any CPU
		{F1BDABE1-EC5A-48A1-904B-254787B27CC5}.Debug|iPhoneSimulator.ActiveCfg = Debug|Any CPU
		{F1BDABE1-EC5A-48A1-904B-254787B27CC5}.Debug|iPhoneSimulator.Build.0 = Debug|Any CPU
		{F1BDABE1-EC5A-48A1-904B-254787B27CC5}.Debug|x64.ActiveCfg = Debug|Any CPU
		{F1BDABE1-EC5A-48A1-904B-254787B27CC5}.Debug|x64.Build.0 = Debug|Any CPU
		{F1BDABE1-EC5A-48A1-904B-254787B27CC5}.Debug|x86.ActiveCfg = Debug|Any CPU
		{F1BDABE1-EC5A-48A1-904B-254787B27CC5}.Debug|x86.Build.0 = Debug|Any CPU
		{F1BDABE1-EC5A-48A1-904B-254787B27CC5}.Release|Any CPU.ActiveCfg = Release|Any CPU
		{F1BDABE1-EC5A-48A1-904B-254787B27CC5}.Release|Any CPU.Build.0 = Release|Any CPU
		{F1BDABE1-EC5A-48A1-904B-254787B27CC5}.Release|ARM.ActiveCfg = Release|Any CPU
		{F1BDABE1-EC5A-48A1-904B-254787B27CC5}.Release|ARM.Build.0 = Release|Any CPU
		{F1BDABE1-EC5A-48A1-904B-254787B27CC5}.Release|iPhone.ActiveCfg = Release|Any CPU
		{F1BDABE1-EC5A-48A1-904B-254787B27CC5}.Release|iPhone.Build.0 = Release|Any CPU
		{F1BDABE1-EC5A-48A1-904B-254787B27CC5}.Release|iPhoneSimulator.ActiveCfg = Release|Any CPU
		{F1BDABE1-EC5A-48A1-904B-254787B27CC5}.Release|iPhoneSimulator.Build.0 = Release|Any CPU
		{F1BDABE1-EC5A-48A1-904B-254787B27CC5}.Release|x64.ActiveCfg = Release|Any CPU
		{F1BDABE1-EC5A-48A1-904B-254787B27CC5}.Release|x64.Build.0 = Release|Any CPU
		{F1BDABE1-EC5A-48A1-904B-254787B27CC5}.Release|x86.ActiveCfg = Release|Any CPU
		{F1BDABE1-EC5A-48A1-904B-254787B27CC5}.Release|x86.Build.0 = Release|Any CPU
	EndGlobalSection
	GlobalSection(SolutionProperties) = preSolution
		HideSolutionNode = FALSE
	EndGlobalSection
	GlobalSection(NestedProjects) = preSolution
		{43946508-1060-4BEC-8D48-0553EAE211FD} = {50E67560-0BE8-4DFF-96F2-60FAC1C4D8C1}
		{7A9905FF-E283-4146-85FA-4E3A60BF5032} = {50E67560-0BE8-4DFF-96F2-60FAC1C4D8C1}
		{F512CD61-9D95-49EB-B47B-1A03A8642E0E} = {4236FB5C-7306-4FFE-A21A-69088EA2B177}
		{4583C566-2C58-4EC0-B247-DAAAA7A8DBF6} = {05309B16-E5F4-4288-84EB-5EDB6EBBBC0F}
		{6C72C1E3-47AF-465B-8F86-F042321277D5} = {4236FB5C-7306-4FFE-A21A-69088EA2B177}
		{397ED925-E4C7-4390-81BB-56F6FDBAF31B} = {4236FB5C-7306-4FFE-A21A-69088EA2B177}
		{4AD81E8C-E6F9-4749-863E-E6A95B44E64B} = {4236FB5C-7306-4FFE-A21A-69088EA2B177}
		{E0C2F993-9349-43DD-B94B-4DC8F0F8417C} = {4236FB5C-7306-4FFE-A21A-69088EA2B177}
		{F1BDABE1-EC5A-48A1-904B-254787B27CC5} = {05309B16-E5F4-4288-84EB-5EDB6EBBBC0F}
	EndGlobalSection
EndGlobal
